
Microsoft Visual Studio Solution File, Format Version 12.00
# Visual Studio Version 17
VisualStudioVersion = 17.1.32210.238
MinimumVisualStudioVersion = 10.0.40219.1
Project("{9A19103F-16F7-4668-BE54-9A1E7A4F7556}") = "HexClanApplication.Api", "HexClanApplication.Api\HexClanApplication.Api.csproj", "{44633C39-87F8-4E17-A56C-2647D284D189}"
EndProject
Global
	GlobalSection(SolutionConfigurationPlatforms) = preSolution
		Debug|Any CPU = Debug|Any CPU
		Release|Any CPU = Release|Any CPU
	EndGlobalSection
	GlobalSection(ProjectConfigurationPlatforms) = postSolution
		{44633C39-87F8-4E17-A56C-2647D284D189}.Debug|Any CPU.ActiveCfg = Debug|Any CPU
		{44633C39-87F8-4E17-A56C-2647D284D189}.Debug|Any CPU.Build.0 = Debug|Any CPU
		{44633C39-87F8-4E17-A56C-2647D284D189}.Release|Any CPU.ActiveCfg = Release|Any CPU
		{44633C39-87F8-4E17-A56C-2647D284D189}.Release|Any CPU.Build.0 = Release|Any CPU
	EndGlobalSection
	GlobalSection(SolutionProperties) = preSolution
		HideSolutionNode = FALSE
	EndGlobalSection
	GlobalSection(ExtensibilityGlobals) = postSolution
		SolutionGuid = {4E0F000F-4508-414F-8554-F55F3862FA68}
	EndGlobalSection
EndGlobal
